// !$*UTF8*$!
{
	archiveVersion = 1;
	classes = {
	};
	objectVersion = 56;
	objects = {

/* Begin PBXBuildFile section */
		9C3AE39128F0DF7F0085CB6E /* AlertView.xib in Resources */ = {isa = PBXBuildFile; fileRef = 9C3AE38F28F0DF7F0085CB6E /* AlertView.xib */; };
		9C3AE39428F0DFD90085CB6E /* AlertView.swift in Sources */ = {isa = PBXBuildFile; fileRef = 9C3AE39328F0DFD90085CB6E /* AlertView.swift */; };
		9C5C047128EF518A00CB7941 /* AppDelegate.swift in Sources */ = {isa = PBXBuildFile; fileRef = 9C5C047028EF518A00CB7941 /* AppDelegate.swift */; };
		9C5C047328EF518A00CB7941 /* SceneDelegate.swift in Sources */ = {isa = PBXBuildFile; fileRef = 9C5C047228EF518A00CB7941 /* SceneDelegate.swift */; };
		9C5C047528EF518A00CB7941 /* ScannerViewController.swift in Sources */ = {isa = PBXBuildFile; fileRef = 9C5C047428EF518A00CB7941 /* ScannerViewController.swift */; };
		9C5C047A28EF518C00CB7941 /* Assets.xcassets in Resources */ = {isa = PBXBuildFile; fileRef = 9C5C047928EF518C00CB7941 /* Assets.xcassets */; };
		9C5C047D28EF518C00CB7941 /* LaunchScreen.storyboard in Resources */ = {isa = PBXBuildFile; fileRef = 9C5C047B28EF518C00CB7941 /* LaunchScreen.storyboard */; };
		9C5C048A28EF535700CB7941 /* CoordinatorProtocol.swift in Sources */ = {isa = PBXBuildFile; fileRef = 9C5C048928EF535700CB7941 /* CoordinatorProtocol.swift */; };
		9C5C048C28EF53CE00CB7941 /* AppCoordinator.swift in Sources */ = {isa = PBXBuildFile; fileRef = 9C5C048B28EF53CE00CB7941 /* AppCoordinator.swift */; };
		9C5C048F28EF61BD00CB7941 /* CodeFrameView.swift in Sources */ = {isa = PBXBuildFile; fileRef = 9C5C048E28EF61BD00CB7941 /* CodeFrameView.swift */; };
		9C5C049328EF71AC00CB7941 /* ScannerPresenter.swift in Sources */ = {isa = PBXBuildFile; fileRef = 9C5C049228EF71AC00CB7941 /* ScannerPresenter.swift */; };
		9C5C049728F0992A00CB7941 /* WebViewController.swift in Sources */ = {isa = PBXBuildFile; fileRef = 9C5C049628F0992A00CB7941 /* WebViewController.swift */; };
		9C5C049A28F0993A00CB7941 /* WebPresenter.swift in Sources */ = {isa = PBXBuildFile; fileRef = 9C5C049928F0993A00CB7941 /* WebPresenter.swift */; };
/* End PBXBuildFile section */

/* Begin PBXFileReference section */
		9C3AE38F28F0DF7F0085CB6E /* AlertView.xib */ = {isa = PBXFileReference; fileEncoding = 4; lastKnownFileType = file.xib; name = AlertView.xib; path = QRScanner/Modules/Web/View/AlertView/AlertView.xib; sourceTree = SOURCE_ROOT; };
		9C3AE39328F0DFD90085CB6E /* AlertView.swift */ = {isa = PBXFileReference; lastKnownFileType = sourcecode.swift; path = AlertView.swift; sourceTree = "<group>"; };
		9C5C046D28EF518A00CB7941 /* QRScanner.app */ = {isa = PBXFileReference; explicitFileType = wrapper.application; includeInIndex = 0; path = QRScanner.app; sourceTree = BUILT_PRODUCTS_DIR; };
		9C5C047028EF518A00CB7941 /* AppDelegate.swift */ = {isa = PBXFileReference; lastKnownFileType = sourcecode.swift; path = AppDelegate.swift; sourceTree = "<group>"; };
		9C5C047228EF518A00CB7941 /* SceneDelegate.swift */ = {isa = PBXFileReference; lastKnownFileType = sourcecode.swift; path = SceneDelegate.swift; sourceTree = "<group>"; };
		9C5C047428EF518A00CB7941 /* ScannerViewController.swift */ = {isa = PBXFileReference; lastKnownFileType = sourcecode.swift; path = ScannerViewController.swift; sourceTree = "<group>"; };
		9C5C047928EF518C00CB7941 /* Assets.xcassets */ = {isa = PBXFileReference; lastKnownFileType = folder.assetcatalog; path = Assets.xcassets; sourceTree = "<group>"; };
		9C5C047C28EF518C00CB7941 /* Base */ = {isa = PBXFileReference; lastKnownFileType = file.storyboard; name = Base; path = Base.lproj/LaunchScreen.storyboard; sourceTree = "<group>"; };
		9C5C047E28EF518C00CB7941 /* Info.plist */ = {isa = PBXFileReference; lastKnownFileType = text.plist.xml; path = Info.plist; sourceTree = "<group>"; };
		9C5C048928EF535700CB7941 /* CoordinatorProtocol.swift */ = {isa = PBXFileReference; lastKnownFileType = sourcecode.swift; path = CoordinatorProtocol.swift; sourceTree = "<group>"; };
		9C5C048B28EF53CE00CB7941 /* AppCoordinator.swift */ = {isa = PBXFileReference; lastKnownFileType = sourcecode.swift; path = AppCoordinator.swift; sourceTree = "<group>"; };
		9C5C048E28EF61BD00CB7941 /* CodeFrameView.swift */ = {isa = PBXFileReference; lastKnownFileType = sourcecode.swift; path = CodeFrameView.swift; sourceTree = "<group>"; };
		9C5C049228EF71AC00CB7941 /* ScannerPresenter.swift */ = {isa = PBXFileReference; lastKnownFileType = sourcecode.swift; path = ScannerPresenter.swift; sourceTree = "<group>"; };
		9C5C049628F0992A00CB7941 /* WebViewController.swift */ = {isa = PBXFileReference; lastKnownFileType = sourcecode.swift; path = WebViewController.swift; sourceTree = "<group>"; };
		9C5C049928F0993A00CB7941 /* WebPresenter.swift */ = {isa = PBXFileReference; lastKnownFileType = sourcecode.swift; path = WebPresenter.swift; sourceTree = "<group>"; };
/* End PBXFileReference section */

/* Begin PBXFrameworksBuildPhase section */
		9C5C046A28EF518A00CB7941 /* Frameworks */ = {
			isa = PBXFrameworksBuildPhase;
			buildActionMask = 2147483647;
			files = (
			);
			runOnlyForDeploymentPostprocessing = 0;
		};
/* End PBXFrameworksBuildPhase section */

/* Begin PBXGroup section */
		9C5C046428EF518A00CB7941 = {
			isa = PBXGroup;
			children = (
				9C5C046F28EF518A00CB7941 /* QRScanner */,
				9C5C046E28EF518A00CB7941 /* Products */,
			);
			sourceTree = "<group>";
		};
		9C5C046E28EF518A00CB7941 /* Products */ = {
			isa = PBXGroup;
			children = (
				9C5C046D28EF518A00CB7941 /* QRScanner.app */,
			);
			name = Products;
			sourceTree = "<group>";
		};
		9C5C046F28EF518A00CB7941 /* QRScanner */ = {
			isa = PBXGroup;
			children = (
				9C5C048428EF519D00CB7941 /* App */,
				9C5C048528EF51A600CB7941 /* Modules */,
				9C5C048D28EF555500CB7941 /* Support files */,
				9C5C047E28EF518C00CB7941 /* Info.plist */,
			);
			path = QRScanner;
			sourceTree = "<group>";
		};
		9C5C048428EF519D00CB7941 /* App */ = {
			isa = PBXGroup;
			children = (
				9C5C048828EF533600CB7941 /* Coordinator */,
				9C5C047028EF518A00CB7941 /* AppDelegate.swift */,
				9C5C047228EF518A00CB7941 /* SceneDelegate.swift */,
			);
			path = App;
			sourceTree = "<group>";
		};
		9C5C048528EF51A600CB7941 /* Modules */ = {
			isa = PBXGroup;
			children = (
				9C5C04A328F0DE9800CB7941 /* AlertView */,
				9C5C048628EF51AE00CB7941 /* Scanner */,
				9C5C049428F098EA00CB7941 /* Web */,
			);
			path = Modules;
			sourceTree = "<group>";
		};
		9C5C048628EF51AE00CB7941 /* Scanner */ = {
			isa = PBXGroup;
			children = (
				9C5C048728EF52E300CB7941 /* View */,
				9C5C049228EF71AC00CB7941 /* ScannerPresenter.swift */,
			);
			path = Scanner;
			sourceTree = "<group>";
		};
		9C5C048728EF52E300CB7941 /* View */ = {
			isa = PBXGroup;
			children = (
				9C5C047428EF518A00CB7941 /* ScannerViewController.swift */,
				9C5C048E28EF61BD00CB7941 /* CodeFrameView.swift */,
			);
			path = View;
			sourceTree = "<group>";
		};
		9C5C048828EF533600CB7941 /* Coordinator */ = {
			isa = PBXGroup;
			children = (
				9C5C048928EF535700CB7941 /* CoordinatorProtocol.swift */,
				9C5C048B28EF53CE00CB7941 /* AppCoordinator.swift */,
			);
			path = Coordinator;
			sourceTree = "<group>";
		};
		9C5C048D28EF555500CB7941 /* Support files */ = {
			isa = PBXGroup;
			children = (
				9C5C047928EF518C00CB7941 /* Assets.xcassets */,
				9C5C047B28EF518C00CB7941 /* LaunchScreen.storyboard */,
			);
			path = "Support files";
			sourceTree = "<group>";
		};
		9C5C049428F098EA00CB7941 /* Web */ = {
			isa = PBXGroup;
			children = (
				9C5C049528F0992100CB7941 /* View */,
				9C5C049928F0993A00CB7941 /* WebPresenter.swift */,
			);
			path = Web;
			sourceTree = "<group>";
		};
		9C5C049528F0992100CB7941 /* View */ = {
			isa = PBXGroup;
			children = (
				9C5C049628F0992A00CB7941 /* WebViewController.swift */,
			);
			path = View;
			sourceTree = "<group>";
		};
		9C5C04A328F0DE9800CB7941 /* AlertView */ = {
			isa = PBXGroup;
			children = (
				9C3AE38F28F0DF7F0085CB6E /* AlertView.xib */,
				9C3AE39328F0DFD90085CB6E /* AlertView.swift */,
			);
			name = AlertView;
			path = Web/View/AlertView;
			sourceTree = "<group>";
		};
/* End PBXGroup section */

/* Begin PBXNativeTarget section */
		9C5C046C28EF518A00CB7941 /* QRScanner */ = {
			isa = PBXNativeTarget;
			buildConfigurationList = 9C5C048128EF518C00CB7941 /* Build configuration list for PBXNativeTarget "QRScanner" */;
			buildPhases = (
				9C5C046928EF518A00CB7941 /* Sources */,
				9C5C046A28EF518A00CB7941 /* Frameworks */,
				9C5C046B28EF518A00CB7941 /* Resources */,
			);
			buildRules = (
			);
			dependencies = (
			);
			name = QRScanner;
			productName = QRScanner;
			productReference = 9C5C046D28EF518A00CB7941 /* QRScanner.app */;
			productType = "com.apple.product-type.application";
		};
/* End PBXNativeTarget section */

/* Begin PBXProject section */
		9C5C046528EF518A00CB7941 /* Project object */ = {
			isa = PBXProject;
			attributes = {
				BuildIndependentTargetsInParallel = 1;
				LastSwiftUpdateCheck = 1400;
				LastUpgradeCheck = 1400;
				TargetAttributes = {
					9C5C046C28EF518A00CB7941 = {
						CreatedOnToolsVersion = 14.0.1;
					};
				};
			};
			buildConfigurationList = 9C5C046828EF518A00CB7941 /* Build configuration list for PBXProject "QRScanner" */;
			compatibilityVersion = "Xcode 14.0";
			developmentRegion = en;
			hasScannedForEncodings = 0;
			knownRegions = (
				en,
				Base,
			);
			mainGroup = 9C5C046428EF518A00CB7941;
			productRefGroup = 9C5C046E28EF518A00CB7941 /* Products */;
			projectDirPath = "";
			projectRoot = "";
			targets = (
				9C5C046C28EF518A00CB7941 /* QRScanner */,
			);
		};
/* End PBXProject section */

/* Begin PBXResourcesBuildPhase section */
		9C5C046B28EF518A00CB7941 /* Resources */ = {
			isa = PBXResourcesBuildPhase;
			buildActionMask = 2147483647;
			files = (
				9C3AE39128F0DF7F0085CB6E /* AlertView.xib in Resources */,
				9C5C047D28EF518C00CB7941 /* LaunchScreen.storyboard in Resources */,
				9C5C047A28EF518C00CB7941 /* Assets.xcassets in Resources */,
			);
			runOnlyForDeploymentPostprocessing = 0;
		};
/* End PBXResourcesBuildPhase section */

/* Begin PBXSourcesBuildPhase section */
		9C5C046928EF518A00CB7941 /* Sources */ = {
			isa = PBXSourcesBuildPhase;
			buildActionMask = 2147483647;
			files = (
				9C5C048A28EF535700CB7941 /* CoordinatorProtocol.swift in Sources */,
				9C5C047528EF518A00CB7941 /* ScannerViewController.swift in Sources */,
				9C5C048C28EF53CE00CB7941 /* AppCoordinator.swift in Sources */,
				9C3AE39428F0DFD90085CB6E /* AlertView.swift in Sources */,
				9C5C047128EF518A00CB7941 /* AppDelegate.swift in Sources */,
				9C5C047328EF518A00CB7941 /* SceneDelegate.swift in Sources */,
				9C5C048F28EF61BD00CB7941 /* CodeFrameView.swift in Sources */,
				9C5C049A28F0993A00CB7941 /* WebPresenter.swift in Sources */,
				9C5C049328EF71AC00CB7941 /* ScannerPresenter.swift in Sources */,
				9C5C049728F0992A00CB7941 /* WebViewController.swift in Sources */,
			);
			runOnlyForDeploymentPostprocessing = 0;
		};
/* End PBXSourcesBuildPhase section */

/* Begin PBXVariantGroup section */
		9C5C047B28EF518C00CB7941 /* LaunchScreen.storyboard */ = {
			isa = PBXVariantGroup;
			children = (
				9C5C047C28EF518C00CB7941 /* Base */,
			);
			name = LaunchScreen.storyboard;
			sourceTree = "<group>";
		};
/* End PBXVariantGroup section */

/* Begin XCBuildConfiguration section */
		9C5C047F28EF518C00CB7941 /* Debug */ = {
			isa = XCBuildConfiguration;
			buildSettings = {
				ALWAYS_SEARCH_USER_PATHS = NO;
				CLANG_ANALYZER_NONNULL = YES;
				CLANG_ANALYZER_NUMBER_OBJECT_CONVERSION = YES_AGGRESSIVE;
				CLANG_CXX_LANGUAGE_STANDARD = "gnu++20";
				CLANG_ENABLE_MODULES = YES;
				CLANG_ENABLE_OBJC_ARC = YES;
				CLANG_ENABLE_OBJC_WEAK = YES;
				CLANG_WARN_BLOCK_CAPTURE_AUTORELEASING = YES;
				CLANG_WARN_BOOL_CONVERSION = YES;
				CLANG_WARN_COMMA = YES;
				CLANG_WARN_CONSTANT_CONVERSION = YES;
				CLANG_WARN_DEPRECATED_OBJC_IMPLEMENTATIONS = YES;
				CLANG_WARN_DIRECT_OBJC_ISA_USAGE = YES_ERROR;
				CLANG_WARN_DOCUMENTATION_COMMENTS = YES;
				CLANG_WARN_EMPTY_BODY = YES;
				CLANG_WARN_ENUM_CONVERSION = YES;
				CLANG_WARN_INFINITE_RECURSION = YES;
				CLANG_WARN_INT_CONVERSION = YES;
				CLANG_WARN_NON_LITERAL_NULL_CONVERSION = YES;
				CLANG_WARN_OBJC_IMPLICIT_RETAIN_SELF = YES;
				CLANG_WARN_OBJC_LITERAL_CONVERSION = YES;
				CLANG_WARN_OBJC_ROOT_CLASS = YES_ERROR;
				CLANG_WARN_QUOTED_INCLUDE_IN_FRAMEWORK_HEADER = YES;
				CLANG_WARN_RANGE_LOOP_ANALYSIS = YES;
				CLANG_WARN_STRICT_PROTOTYPES = YES;
				CLANG_WARN_SUSPICIOUS_MOVE = YES;
				CLANG_WARN_UNGUARDED_AVAILABILITY = YES_AGGRESSIVE;
				CLANG_WARN_UNREACHABLE_CODE = YES;
				CLANG_WARN__DUPLICATE_METHOD_MATCH = YES;
				COPY_PHASE_STRIP = NO;
				DEBUG_INFORMATION_FORMAT = dwarf;
				ENABLE_STRICT_OBJC_MSGSEND = YES;
				ENABLE_TESTABILITY = YES;
				GCC_C_LANGUAGE_STANDARD = gnu11;
				GCC_DYNAMIC_NO_PIC = NO;
				GCC_NO_COMMON_BLOCKS = YES;
				GCC_OPTIMIZATION_LEVEL = 0;
				GCC_PREPROCESSOR_DEFINITIONS = (
					"DEBUG=1",
					"$(inherited)",
				);
				GCC_WARN_64_TO_32_BIT_CONVERSION = YES;
				GCC_WARN_ABOUT_RETURN_TYPE = YES_ERROR;
				GCC_WARN_UNDECLARED_SELECTOR = YES;
				GCC_WARN_UNINITIALIZED_AUTOS = YES_AGGRESSIVE;
				GCC_WARN_UNUSED_FUNCTION = YES;
				GCC_WARN_UNUSED_VARIABLE = YES;
				IPHONEOS_DEPLOYMENT_TARGET = 16.0;
				MTL_ENABLE_DEBUG_INFO = INCLUDE_SOURCE;
				MTL_FAST_MATH = YES;
				ONLY_ACTIVE_ARCH = YES;
				SDKROOT = iphoneos;
				SWIFT_ACTIVE_COMPILATION_CONDITIONS = DEBUG;
				SWIFT_OPTIMIZATION_LEVEL = "-Onone";
			};
			name = Debug;
		};
		9C5C048028EF518C00CB7941 /* Release */ = {
			isa = XCBuildConfiguration;
			buildSettings = {
				ALWAYS_SEARCH_USER_PATHS = NO;
				CLANG_ANALYZER_NONNULL = YES;
				CLANG_ANALYZER_NUMBER_OBJECT_CONVERSION = YES_AGGRESSIVE;
				CLANG_CXX_LANGUAGE_STANDARD = "gnu++20";
				CLANG_ENABLE_MODULES = YES;
				CLANG_ENABLE_OBJC_ARC = YES;
				CLANG_ENABLE_OBJC_WEAK = YES;
				CLANG_WARN_BLOCK_CAPTURE_AUTORELEASING = YES;
				CLANG_WARN_BOOL_CONVERSION = YES;
				CLANG_WARN_COMMA = YES;
				CLANG_WARN_CONSTANT_CONVERSION = YES;
				CLANG_WARN_DEPRECATED_OBJC_IMPLEMENTATIONS = YES;
				CLANG_WARN_DIRECT_OBJC_ISA_USAGE = YES_ERROR;
				CLANG_WARN_DOCUMENTATION_COMMENTS = YES;
				CLANG_WARN_EMPTY_BODY = YES;
				CLANG_WARN_ENUM_CONVERSION = YES;
				CLANG_WARN_INFINITE_RECURSION = YES;
				CLANG_WARN_INT_CONVERSION = YES;
				CLANG_WARN_NON_LITERAL_NULL_CONVERSION = YES;
				CLANG_WARN_OBJC_IMPLICIT_RETAIN_SELF = YES;
				CLANG_WARN_OBJC_LITERAL_CONVERSION = YES;
				CLANG_WARN_OBJC_ROOT_CLASS = YES_ERROR;
				CLANG_WARN_QUOTED_INCLUDE_IN_FRAMEWORK_HEADER = YES;
				CLANG_WARN_RANGE_LOOP_ANALYSIS = YES;
				CLANG_WARN_STRICT_PROTOTYPES = YES;
				CLANG_WARN_SUSPICIOUS_MOVE = YES;
				CLANG_WARN_UNGUARDED_AVAILABILITY = YES_AGGRESSIVE;
				CLANG_WARN_UNREACHABLE_CODE = YES;
				CLANG_WARN__DUPLICATE_METHOD_MATCH = YES;
				COPY_PHASE_STRIP = NO;
				DEBUG_INFORMATION_FORMAT = "dwarf-with-dsym";
				ENABLE_NS_ASSERTIONS = NO;
				ENABLE_STRICT_OBJC_MSGSEND = YES;
				GCC_C_LANGUAGE_STANDARD = gnu11;
				GCC_NO_COMMON_BLOCKS = YES;
				GCC_WARN_64_TO_32_BIT_CONVERSION = YES;
				GCC_WARN_ABOUT_RETURN_TYPE = YES_ERROR;
				GCC_WARN_UNDECLARED_SELECTOR = YES;
				GCC_WARN_UNINITIALIZED_AUTOS = YES_AGGRESSIVE;
				GCC_WARN_UNUSED_FUNCTION = YES;
				GCC_WARN_UNUSED_VARIABLE = YES;
				IPHONEOS_DEPLOYMENT_TARGET = 16.0;
				MTL_ENABLE_DEBUG_INFO = NO;
				MTL_FAST_MATH = YES;
				SDKROOT = iphoneos;
				SWIFT_COMPILATION_MODE = wholemodule;
				SWIFT_OPTIMIZATION_LEVEL = "-O";
				VALIDATE_PRODUCT = YES;
			};
			name = Release;
		};
		9C5C048228EF518C00CB7941 /* Debug */ = {
			isa = XCBuildConfiguration;
			buildSettings = {
				ASSETCATALOG_COMPILER_APPICON_NAME = AppIcon;
				ASSETCATALOG_COMPILER_GLOBAL_ACCENT_COLOR_NAME = AccentColor;
				CODE_SIGN_STYLE = Automatic;
				CURRENT_PROJECT_VERSION = 1;
				DEVELOPMENT_TEAM = 7XP9H5G8CF;
				GENERATE_INFOPLIST_FILE = YES;
				INFOPLIST_FILE = QRScanner/Info.plist;
				INFOPLIST_KEY_NSCameraUsageDescription = "Необходим доступ к камере для сканирования.";
				INFOPLIST_KEY_UIApplicationSupportsIndirectInputEvents = YES;
				INFOPLIST_KEY_UILaunchStoryboardName = LaunchScreen;
				INFOPLIST_KEY_UIMainStoryboardFile = "";
				INFOPLIST_KEY_UISupportedInterfaceOrientations = UIInterfaceOrientationPortrait;
				INFOPLIST_KEY_UISupportedInterfaceOrientations_iPad = "UIInterfaceOrientationLandscapeLeft UIInterfaceOrientationLandscapeRight UIInterfaceOrientationPortrait UIInterfaceOrientationPortraitUpsideDown";
				LD_RUNPATH_SEARCH_PATHS = (
					"$(inherited)",
					"@executable_path/Frameworks",
				);
				MARKETING_VERSION = 1.0;
				PRODUCT_BUNDLE_IDENTIFIER = com.underscoreow.QRScanner;
				PRODUCT_NAME = "$(TARGET_NAME)";
				SUPPORTED_PLATFORMS = "iphoneos iphonesimulator";
				SUPPORTS_MACCATALYST = NO;
				SUPPORTS_MAC_DESIGNED_FOR_IPHONE_IPAD = NO;
				SWIFT_EMIT_LOC_STRINGS = YES;
				SWIFT_VERSION = 5.0;
				TARGETED_DEVICE_FAMILY = 1;
			};
			name = Debug;
		};
		9C5C048328EF518C00CB7941 /* Release */ = {
			isa = XCBuildConfiguration;
			buildSettings = {
				ASSETCATALOG_COMPILER_APPICON_NAME = AppIcon;
				ASSETCATALOG_COMPILER_GLOBAL_ACCENT_COLOR_NAME = AccentColor;
				CODE_SIGN_STYLE = Automatic;
				CURRENT_PROJECT_VERSION = 1;
				DEVELOPMENT_TEAM = 7XP9H5G8CF;
				GENERATE_INFOPLIST_FILE = YES;
				INFOPLIST_FILE = QRScanner/Info.plist;
				INFOPLIST_KEY_NSCameraUsageDescription = "Необходим доступ к камере для сканирования.";
				INFOPLIST_KEY_UIApplicationSupportsIndirectInputEvents = YES;
				INFOPLIST_KEY_UILaunchStoryboardName = LaunchScreen;
				INFOPLIST_KEY_UIMainStoryboardFile = "";
				INFOPLIST_KEY_UISupportedInterfaceOrientations = UIInterfaceOrientationPortrait;
				INFOPLIST_KEY_UISupportedInterfaceOrientations_iPad = "UIInterfaceOrientationLandscapeLeft UIInterfaceOrientationLandscapeRight UIInterfaceOrientationPortrait UIInterfaceOrientationPortraitUpsideDown";
				LD_RUNPATH_SEARCH_PATHS = (
					"$(inherited)",
					"@executable_path/Frameworks",
				);
				MARKETING_VERSION = 1.0;
				PRODUCT_BUNDLE_IDENTIFIER = com.underscoreow.QRScanner;
				PRODUCT_NAME = "$(TARGET_NAME)";
				SUPPORTED_PLATFORMS = "iphoneos iphonesimulator";
				SUPPORTS_MACCATALYST = NO;
				SUPPORTS_MAC_DESIGNED_FOR_IPHONE_IPAD = NO;
				SWIFT_EMIT_LOC_STRINGS = YES;
				SWIFT_VERSION = 5.0;
				TARGETED_DEVICE_FAMILY = 1;
			};
			name = Release;
		};
/* End XCBuildConfiguration section */

/* Begin XCConfigurationList section */
		9C5C046828EF518A00CB7941 /* Build configuration list for PBXProject "QRScanner" */ = {
			isa = XCConfigurationList;
			buildConfigurations = (
				9C5C047F28EF518C00CB7941 /* Debug */,
				9C5C048028EF518C00CB7941 /* Release */,
			);
			defaultConfigurationIsVisible = 0;
			defaultConfigurationName = Release;
		};
		9C5C048128EF518C00CB7941 /* Build configuration list for PBXNativeTarget "QRScanner" */ = {
			isa = XCConfigurationList;
			buildConfigurations = (
				9C5C048228EF518C00CB7941 /* Debug */,
				9C5C048328EF518C00CB7941 /* Release */,
			);
			defaultConfigurationIsVisible = 0;
			defaultConfigurationName = Release;
		};
/* End XCConfigurationList section */
	};
	rootObject = 9C5C046528EF518A00CB7941 /* Project object */;
}
